
Microsoft Visual Studio Solution File, Format Version 12.00
# Visual Studio Version 17
VisualStudioVersion = 17.7.34031.279
MinimumVisualStudioVersion = 10.0.40219.1
Project("{FAE04EC0-301F-11D3-BF4B-00C04F79EFBC}") = "WindowsFormsApp1", "WindowsFormsApp1\WindowsFormsApp1.csproj", "{4EB90557-D6F9-4E04-B4DD-3CC509CD1CD6}"
EndProject
Project("{54435603-DBB4-11D2-8724-00A0C9A8B90C}") = "Bonnibel", "Bonnibel\Bonnibel.vdproj", "{117167E0-4648-4A8A-BDBF-764AACB027D6}"
EndProject
Global
	GlobalSection(SolutionConfigurationPlatforms) = preSolution
		Debug|Any CPU = Debug|Any CPU
		Release|Any CPU = Release|Any CPU
	EndGlobalSection
	GlobalSection(ProjectConfigurationPlatforms) = postSolution
		{4EB90557-D6F9-4E04-B4DD-3CC509CD1CD6}.Debug|Any CPU.ActiveCfg = Debug|Any CPU
		{4EB90557-D6F9-4E04-B4DD-3CC509CD1CD6}.Debug|Any CPU.Build.0 = Debug|Any CPU
		{4EB90557-D6F9-4E04-B4DD-3CC509CD1CD6}.Release|Any CPU.ActiveCfg = Release|Any CPU
		{4EB90557-D6F9-4E04-B4DD-3CC509CD1CD6}.Release|Any CPU.Build.0 = Release|Any CPU
		{117167E0-4648-4A8A-BDBF-764AACB027D6}.Debug|Any CPU.ActiveCfg = Debug
		{117167E0-4648-4A8A-BDBF-764AACB027D6}.Release|Any CPU.ActiveCfg = Release
	EndGlobalSection
	GlobalSection(SolutionProperties) = preSolution
		HideSolutionNode = FALSE
	EndGlobalSection
	GlobalSection(ExtensibilityGlobals) = postSolution
		SolutionGuid = {459B0424-467B-401E-8EBC-E2CAC12F66E6}
	EndGlobalSection
EndGlobal
